// !$*UTF8*$!
{
	archiveVersion = 1;
	classes = {
	};
	objectVersion = 48;
	objects = {

/* Begin PBXBuildFile section */
		5580F44D1FD5537800AD65C4 /* AppDelegate.swift in Sources */ = {isa = PBXBuildFile; fileRef = 5580F44C1FD5537800AD65C4 /* AppDelegate.swift */; };
		5580F44F1FD5537800AD65C4 /* ViewController.swift in Sources */ = {isa = PBXBuildFile; fileRef = 5580F44E1FD5537800AD65C4 /* ViewController.swift */; };
		5580F4521FD5537800AD65C4 /* Main.storyboard in Resources */ = {isa = PBXBuildFile; fileRef = 5580F4501FD5537800AD65C4 /* Main.storyboard */; };
		5580F4541FD5537800AD65C4 /* Assets.xcassets in Resources */ = {isa = PBXBuildFile; fileRef = 5580F4531FD5537800AD65C4 /* Assets.xcassets */; };
		5580F4571FD5537800AD65C4 /* LaunchScreen.storyboard in Resources */ = {isa = PBXBuildFile; fileRef = 5580F4551FD5537800AD65C4 /* LaunchScreen.storyboard */; };
		72F3AE4A59A42086B4E33782 /* Pods_RSTEST.framework in Frameworks */ = {isa = PBXBuildFile; fileRef = 3CAF712A6A716452C743E099 /* Pods_RSTEST.framework */; };
/* End PBXBuildFile section */

/* Begin PBXFileReference section */
		3CAF712A6A716452C743E099 /* Pods_RSTEST.framework */ = {isa = PBXFileReference; explicitFileType = wrapper.framework; includeInIndex = 0; path = Pods_RSTEST.framework; sourceTree = BUILT_PRODUCTS_DIR; };
		5580F4491FD5537800AD65C4 /* RSTEST.app */ = {isa = PBXFileReference; explicitFileType = wrapper.application; includeInIndex = 0; path = RSTEST.app; sourceTree = BUILT_PRODUCTS_DIR; };
		5580F44C1FD5537800AD65C4 /* AppDelegate.swift */ = {isa = PBXFileReference; lastKnownFileType = sourcecode.swift; path = AppDelegate.swift; sourceTree = "<group>"; };
		5580F44E1FD5537800AD65C4 /* ViewController.swift */ = {isa = PBXFileReference; lastKnownFileType = sourcecode.swift; path = ViewController.swift; sourceTree = "<group>"; };
		5580F4511FD5537800AD65C4 /* Base */ = {isa = PBXFileReference; lastKnownFileType = file.storyboard; name = Base; path = Base.lproj/Main.storyboard; sourceTree = "<group>"; };
		5580F4531FD5537800AD65C4 /* Assets.xcassets */ = {isa = PBXFileReference; lastKnownFileType = folder.assetcatalog; path = Assets.xcassets; sourceTree = "<group>"; };
		5580F4561FD5537800AD65C4 /* Base */ = {isa = PBXFileReference; lastKnownFileType = file.storyboard; name = Base; path = Base.lproj/LaunchScreen.storyboard; sourceTree = "<group>"; };
		5580F4581FD5537800AD65C4 /* Info.plist */ = {isa = PBXFileReference; lastKnownFileType = text.plist.xml; path = Info.plist; sourceTree = "<group>"; };
		7AE78D36B03F5F1F59C6366A /* Pods-RSTEST.release.xcconfig */ = {isa = PBXFileReference; includeInIndex = 1; lastKnownFileType = text.xcconfig; name = "Pods-RSTEST.release.xcconfig"; path = "Pods/Target Support Files/Pods-RSTEST/Pods-RSTEST.release.xcconfig"; sourceTree = "<group>"; };
		9D4E2E4D7EA4C4F549377E1B /* Pods-RSTEST.debug.xcconfig */ = {isa = PBXFileReference; includeInIndex = 1; lastKnownFileType = text.xcconfig; name = "Pods-RSTEST.debug.xcconfig"; path = "Pods/Target Support Files/Pods-RSTEST/Pods-RSTEST.debug.xcconfig"; sourceTree = "<group>"; };
/* End PBXFileReference section */

/* Begin PBXFrameworksBuildPhase section */
		5580F4461FD5537800AD65C4 /* Frameworks */ = {
			isa = PBXFrameworksBuildPhase;
			buildActionMask = 2147483647;
			files = (
				72F3AE4A59A42086B4E33782 /* Pods_RSTEST.framework in Frameworks */,
			);
			runOnlyForDeploymentPostprocessing = 0;
		};
/* End PBXFrameworksBuildPhase section */

/* Begin PBXGroup section */
		2F85431FADD58D7696339410 /* Pods */ = {
			isa = PBXGroup;
			children = (
				9D4E2E4D7EA4C4F549377E1B /* Pods-RSTEST.debug.xcconfig */,
				7AE78D36B03F5F1F59C6366A /* Pods-RSTEST.release.xcconfig */,
			);
			name = Pods;
			sourceTree = "<group>";
		};
		5580F4401FD5537800AD65C4 = {
			isa = PBXGroup;
			children = (
				5580F44B1FD5537800AD65C4 /* RSTEST */,
				5580F44A1FD5537800AD65C4 /* Products */,
				2F85431FADD58D7696339410 /* Pods */,
				9C085BB3DB67A22497941BCD /* Frameworks */,
			);
			sourceTree = "<group>";
		};
		5580F44A1FD5537800AD65C4 /* Products */ = {
			isa = PBXGroup;
			children = (
				5580F4491FD5537800AD65C4 /* RSTEST.app */,
			);
			name = Products;
			sourceTree = "<group>";
		};
		5580F44B1FD5537800AD65C4 /* RSTEST */ = {
			isa = PBXGroup;
			children = (
				5580F44C1FD5537800AD65C4 /* AppDelegate.swift */,
				5580F44E1FD5537800AD65C4 /* ViewController.swift */,
				5580F4501FD5537800AD65C4 /* Main.storyboard */,
				5580F4531FD5537800AD65C4 /* Assets.xcassets */,
				5580F4551FD5537800AD65C4 /* LaunchScreen.storyboard */,
				5580F4581FD5537800AD65C4 /* Info.plist */,
			);
			path = RSTEST;
			sourceTree = "<group>";
		};
		9C085BB3DB67A22497941BCD /* Frameworks */ = {
			isa = PBXGroup;
			children = (
				3CAF712A6A716452C743E099 /* Pods_RSTEST.framework */,
			);
			name = Frameworks;
			sourceTree = "<group>";
		};
/* End PBXGroup section */

/* Begin PBXNativeTarget section */
		5580F4481FD5537800AD65C4 /* RSTEST */ = {
			isa = PBXNativeTarget;
			buildConfigurationList = 5580F45B1FD5537800AD65C4 /* Build configuration list for PBXNativeTarget "RSTEST" */;
			buildPhases = (
				0C1F86D1D17ACE797EC761A9 /* [CP] Check Pods Manifest.lock */,
				5580F4451FD5537800AD65C4 /* Sources */,
				5580F4461FD5537800AD65C4 /* Frameworks */,
				5580F4471FD5537800AD65C4 /* Resources */,
				D76854CA1CFD18001D80E1D1 /* [CP] Embed Pods Frameworks */,
				DDB1B249D1FB98F6811E373F /* [CP] Copy Pods Resources */,
			);
			buildRules = (
			);
			dependencies = (
			);
			name = RSTEST;
			productName = RSTEST;
			productReference = 5580F4491FD5537800AD65C4 /* RSTEST.app */;
			productType = "com.apple.product-type.application";
		};
/* End PBXNativeTarget section */

/* Begin PBXProject section */
		5580F4411FD5537800AD65C4 /* Project object */ = {
			isa = PBXProject;
			attributes = {
				LastSwiftUpdateCheck = 0910;
				LastUpgradeCheck = 0910;
				ORGANIZATIONNAME = "Roman Smirnov";
				TargetAttributes = {
					5580F4481FD5537800AD65C4 = {
						CreatedOnToolsVersion = 9.1;
						ProvisioningStyle = Automatic;
					};
				};
			};
			buildConfigurationList = 5580F4441FD5537800AD65C4 /* Build configuration list for PBXProject "RSTEST" */;
			compatibilityVersion = "Xcode 8.0";
			developmentRegion = en;
			hasScannedForEncodings = 0;
			knownRegions = (
				en,
				Base,
			);
			mainGroup = 5580F4401FD5537800AD65C4;
			productRefGroup = 5580F44A1FD5537800AD65C4 /* Products */;
			projectDirPath = "";
			projectRoot = "";
			targets = (
				5580F4481FD5537800AD65C4 /* RSTEST */,
			);
		};
/* End PBXProject section */

/* Begin PBXResourcesBuildPhase section */
		5580F4471FD5537800AD65C4 /* Resources */ = {
			isa = PBXResourcesBuildPhase;
			buildActionMask = 2147483647;
			files = (
				5580F4571FD5537800AD65C4 /* LaunchScreen.storyboard in Resources */,
				5580F4541FD5537800AD65C4 /* Assets.xcassets in Resources */,
				5580F4521FD5537800AD65C4 /* Main.storyboard in Resources */,
			);
			runOnlyForDeploymentPostprocessing = 0;
		};
/* End PBXResourcesBuildPhase section */

/* Begin PBXShellScriptBuildPhase section */
		0C1F86D1D17ACE797EC761A9 /* [CP] Check Pods Manifest.lock */ = {
			isa = PBXShellScriptBuildPhase;
			buildActionMask = 2147483647;
			files = (
			);
			inputPaths = (
				"${PODS_PODFILE_DIR_PATH}/Podfile.lock",
				"${PODS_ROOT}/Manifest.lock",
			);
			name = "[CP] Check Pods Manifest.lock";
			outputPaths = (
				"$(DERIVED_FILE_DIR)/Pods-RSTEST-checkManifestLockResult.txt",
			);
			runOnlyForDeploymentPostprocessing = 0;
			shellPath = /bin/sh;
			shellScript = "diff \"${PODS_PODFILE_DIR_PATH}/Podfile.lock\" \"${PODS_ROOT}/Manifest.lock\" > /dev/null\nif [ $? != 0 ] ; then\n    # print error to STDERR\n    echo \"error: The sandbox is not in sync with the Podfile.lock. Run 'pod install' or update your CocoaPods installation.\" >&2\n    exit 1\nfi\n# This output is used by Xcode 'outputs' to avoid re-running this script phase.\necho \"SUCCESS\" > \"${SCRIPT_OUTPUT_FILE_0}\"\n";
			showEnvVarsInLog = 0;
		};
		D76854CA1CFD18001D80E1D1 /* [CP] Embed Pods Frameworks */ = {
			isa = PBXShellScriptBuildPhase;
			buildActionMask = 2147483647;
			files = (
			);
			inputPaths = (
				"${SRCROOT}/Pods/Target Support Files/Pods-RSTEST/Pods-RSTEST-frameworks.sh",
				"${BUILT_PRODUCTS_DIR}/RxSwift/RxSwift.framework",
			);
			name = "[CP] Embed Pods Frameworks";
			outputPaths = (
				"${TARGET_BUILD_DIR}/${FRAMEWORKS_FOLDER_PATH}/RxSwift.framework",
			);
			runOnlyForDeploymentPostprocessing = 0;
			shellPath = /bin/sh;
			shellScript = "\"${SRCROOT}/Pods/Target Support Files/Pods-RSTEST/Pods-RSTEST-frameworks.sh\"\n";
			showEnvVarsInLog = 0;
		};
		DDB1B249D1FB98F6811E373F /* [CP] Copy Pods Resources */ = {
			isa = PBXShellScriptBuildPhase;
			buildActionMask = 2147483647;
			files = (
			);
			inputPaths = (
			);
			name = "[CP] Copy Pods Resources";
			outputPaths = (
			);
			runOnlyForDeploymentPostprocessing = 0;
			shellPath = /bin/sh;
			shellScript = "\"${SRCROOT}/Pods/Target Support Files/Pods-RSTEST/Pods-RSTEST-resources.sh\"\n";
			showEnvVarsInLog = 0;
		};
/* End PBXShellScriptBuildPhase section */

/* Begin PBXSourcesBuildPhase section */
		5580F4451FD5537800AD65C4 /* Sources */ = {
			isa = PBXSourcesBuildPhase;
			buildActionMask = 2147483647;
			files = (
				5580F44F1FD5537800AD65C4 /* ViewController.swift in Sources */,
				5580F44D1FD5537800AD65C4 /* AppDelegate.swift in Sources */,
			);
			runOnlyForDeploymentPostprocessing = 0;
		};
/* End PBXSourcesBuildPhase section */

/* Begin PBXVariantGroup section */
		5580F4501FD5537800AD65C4 /* Main.storyboard */ = {
			isa = PBXVariantGroup;
			children = (
				5580F4511FD5537800AD65C4 /* Base */,
			);
			name = Main.storyboard;
			sourceTree = "<group>";
		};
		5580F4551FD5537800AD65C4 /* LaunchScreen.storyboard */ = {
			isa = PBXVariantGroup;
			children = (
				5580F4561FD5537800AD65C4 /* Base */,
			);
			name = LaunchScreen.storyboard;
			sourceTree = "<group>";
		};
/* End PBXVariantGroup section */

/* Begin XCBuildConfiguration section */
		5580F4591FD5537800AD65C4 /* Debug */ = {
			isa = XCBuildConfiguration;
			buildSettings = {
				ALWAYS_SEARCH_USER_PATHS = NO;
				CLANG_ANALYZER_NONNULL = YES;
				CLANG_ANALYZER_NUMBER_OBJECT_CONVERSION = YES_AGGRESSIVE;
				CLANG_CXX_LANGUAGE_STANDARD = "gnu++14";
				CLANG_CXX_LIBRARY = "libc++";
				CLANG_ENABLE_MODULES = YES;
				CLANG_ENABLE_OBJC_ARC = YES;
				CLANG_WARN_BLOCK_CAPTURE_AUTORELEASING = YES;
				CLANG_WARN_BOOL_CONVERSION = YES;
				CLANG_WARN_COMMA = YES;
				CLANG_WARN_CONSTANT_CONVERSION = YES;
				CLANG_WARN_DIRECT_OBJC_ISA_USAGE = YES_ERROR;
				CLANG_WARN_DOCUMENTATION_COMMENTS = YES;
				CLANG_WARN_EMPTY_BODY = YES;
				CLANG_WARN_ENUM_CONVERSION = YES;
				CLANG_WARN_INFINITE_RECURSION = YES;
				CLANG_WARN_INT_CONVERSION = YES;
				CLANG_WARN_NON_LITERAL_NULL_CONVERSION = YES;
				CLANG_WARN_OBJC_LITERAL_CONVERSION = YES;
				CLANG_WARN_OBJC_ROOT_CLASS = YES_ERROR;
				CLANG_WARN_RANGE_LOOP_ANALYSIS = YES;
				CLANG_WARN_STRICT_PROTOTYPES = YES;
				CLANG_WARN_SUSPICIOUS_MOVE = YES;
				CLANG_WARN_UNGUARDED_AVAILABILITY = YES_AGGRESSIVE;
				CLANG_WARN_UNREACHABLE_CODE = YES;
				CLANG_WARN__DUPLICATE_METHOD_MATCH = YES;
				CODE_SIGN_IDENTITY = "iPhone Developer";
				COPY_PHASE_STRIP = NO;
				DEBUG_INFORMATION_FORMAT = dwarf;
				ENABLE_STRICT_OBJC_MSGSEND = YES;
				ENABLE_TESTABILITY = YES;
				GCC_C_LANGUAGE_STANDARD = gnu11;
				GCC_DYNAMIC_NO_PIC = NO;
				GCC_NO_COMMON_BLOCKS = YES;
				GCC_OPTIMIZATION_LEVEL = 0;
				GCC_PREPROCESSOR_DEFINITIONS = (
					"DEBUG=1",
					"$(inherited)",
				);
				GCC_WARN_64_TO_32_BIT_CONVERSION = YES;
				GCC_WARN_ABOUT_RETURN_TYPE = YES_ERROR;
				GCC_WARN_UNDECLARED_SELECTOR = YES;
				GCC_WARN_UNINITIALIZED_AUTOS = YES_AGGRESSIVE;
				GCC_WARN_UNUSED_FUNCTION = YES;
				GCC_WARN_UNUSED_VARIABLE = YES;
				IPHONEOS_DEPLOYMENT_TARGET = 11.1;
				MTL_ENABLE_DEBUG_INFO = YES;
				ONLY_ACTIVE_ARCH = YES;
				SDKROOT = iphoneos;
				SWIFT_ACTIVE_COMPILATION_CONDITIONS = DEBUG;
				SWIFT_OPTIMIZATION_LEVEL = "-Onone";
			};
			name = Debug;
		};
		5580F45A1FD5537800AD65C4 /* Release */ = {
			isa = XCBuildConfiguration;
			buildSettings = {
				ALWAYS_SEARCH_USER_PATHS = NO;
				CLANG_ANALYZER_NONNULL = YES;
				CLANG_ANALYZER_NUMBER_OBJECT_CONVERSION = YES_AGGRESSIVE;
				CLANG_CXX_LANGUAGE_STANDARD = "gnu++14";
				CLANG_CXX_LIBRARY = "libc++";
				CLANG_ENABLE_MODULES = YES;
				CLANG_ENABLE_OBJC_ARC = YES;
				CLANG_WARN_BLOCK_CAPTURE_AUTORELEASING = YES;
				CLANG_WARN_BOOL_CONVERSION = YES;
				CLANG_WARN_COMMA = YES;
				CLANG_WARN_CONSTANT_CONVERSION = YES;
				CLANG_WARN_DIRECT_OBJC_ISA_USAGE = YES_ERROR;
				CLANG_WARN_DOCUMENTATION_COMMENTS = YES;
				CLANG_WARN_EMPTY_BODY = YES;
				CLANG_WARN_ENUM_CONVERSION = YES;
				CLANG_WARN_INFINITE_RECURSION = YES;
				CLANG_WARN_INT_CONVERSION = YES;
				CLANG_WARN_NON_LITERAL_NULL_CONVERSION = YES;
				CLANG_WARN_OBJC_LITERAL_CONVERSION = YES;
				CLANG_WARN_OBJC_ROOT_CLASS = YES_ERROR;
				CLANG_WARN_RANGE_LOOP_ANALYSIS = YES;
				CLANG_WARN_STRICT_PROTOTYPES = YES;
				CLANG_WARN_SUSPICIOUS_MOVE = YES;
				CLANG_WARN_UNGUARDED_AVAILABILITY = YES_AGGRESSIVE;
				CLANG_WARN_UNREACHABLE_CODE = YES;
				CLANG_WARN__DUPLICATE_METHOD_MATCH = YES;
				CODE_SIGN_IDENTITY = "iPhone Developer";
				COPY_PHASE_STRIP = NO;
				DEBUG_INFORMATION_FORMAT = "dwarf-with-dsym";
				ENABLE_NS_ASSERTIONS = NO;
				ENABLE_STRICT_OBJC_MSGSEND = YES;
				GCC_C_LANGUAGE_STANDARD = gnu11;
				GCC_NO_COMMON_BLOCKS = YES;
				GCC_WARN_64_TO_32_BIT_CONVERSION = YES;
				GCC_WARN_ABOUT_RETURN_TYPE = YES_ERROR;
				GCC_WARN_UNDECLARED_SELECTOR = YES;
				GCC_WARN_UNINITIALIZED_AUTOS = YES_AGGRESSIVE;
				GCC_WARN_UNUSED_FUNCTION = YES;
				GCC_WARN_UNUSED_VARIABLE = YES;
				IPHONEOS_DEPLOYMENT_TARGET = 11.1;
				MTL_ENABLE_DEBUG_INFO = NO;
				SDKROOT = iphoneos;
				SWIFT_OPTIMIZATION_LEVEL = "-Owholemodule";
				VALIDATE_PRODUCT = YES;
			};
			name = Release;
		};
		5580F45C1FD5537800AD65C4 /* Debug */ = {
			isa = XCBuildConfiguration;
			baseConfigurationReference = 9D4E2E4D7EA4C4F549377E1B /* Pods-RSTEST.debug.xcconfig */;
			buildSettings = {
				ASSETCATALOG_COMPILER_APPICON_NAME = AppIcon;
				CODE_SIGN_STYLE = Automatic;
				DEVELOPMENT_TEAM = A3CGQEAAQV;
				INFOPLIST_FILE = RSTEST/Info.plist;
				LD_RUNPATH_SEARCH_PATHS = "$(inherited) @executable_path/Frameworks";
				PRODUCT_BUNDLE_IDENTIFIER = com.sessia.session1;
				PRODUCT_NAME = "$(TARGET_NAME)";
				SWIFT_VERSION = 4.0;
				TARGETED_DEVICE_FAMILY = "1,2";
			};
			name = Debug;
		};
		5580F45D1FD5537800AD65C4 /* Release */ = {
			isa = XCBuildConfiguration;
			baseConfigurationReference = 7AE78D36B03F5F1F59C6366A /* Pods-RSTEST.release.xcconfig */;
			buildSettings = {
				ASSETCATALOG_COMPILER_APPICON_NAME = AppIcon;
				CODE_SIGN_STYLE = Automatic;
				DEVELOPMENT_TEAM = A3CGQEAAQV;
				INFOPLIST_FILE = RSTEST/Info.plist;
				LD_RUNPATH_SEARCH_PATHS = "$(inherited) @executable_path/Frameworks";
				PRODUCT_BUNDLE_IDENTIFIER = com.sessia.session1;
				PRODUCT_NAME = "$(TARGET_NAME)";
				SWIFT_VERSION = 4.0;
				TARGETED_DEVICE_FAMILY = "1,2";
			};
			name = Release;
		};
/* End XCBuildConfiguration section */

/* Begin XCConfigurationList section */
		5580F4441FD5537800AD65C4 /* Build configuration list for PBXProject "RSTEST" */ = {
			isa = XCConfigurationList;
			buildConfigurations = (
				5580F4591FD5537800AD65C4 /* Debug */,
				5580F45A1FD5537800AD65C4 /* Release */,
			);
			defaultConfigurationIsVisible = 0;
			defaultConfigurationName = Release;
		};
		5580F45B1FD5537800AD65C4 /* Build configuration list for PBXNativeTarget "RSTEST" */ = {
			isa = XCConfigurationList;
			buildConfigurations = (
				5580F45C1FD5537800AD65C4 /* Debug */,
				5580F45D1FD5537800AD65C4 /* Release */,
			);
			defaultConfigurationIsVisible = 0;
			defaultConfigurationName = Release;
		};
/* End XCConfigurationList section */
	};
	rootObject = 5580F4411FD5537800AD65C4 /* Project object */;
}
